
Microsoft Visual Studio Solution File, Format Version 12.00
# Visual Studio Version 17
VisualStudioVersion = 17.0.31903.59
MinimumVisualStudioVersion = 10.0.40219.1
Project("{2150E333-8FDC-42A3-9474-1A3956D46DE8}") = "src", "src", "{827E0CD3-B72D-47B6-A68D-7590B98EB39B}"
EndProject
Project("{FAE04EC0-301F-11D3-BF4B-00C04F79EFBC}") = "ConferenceRooms.Api", "src\ConferenceRooms.Api\ConferenceRooms.Api.csproj", "{AE706B17-2920-479A-A334-1A984373AAE8}"
EndProject
Project("{FAE04EC0-301F-11D3-BF4B-00C04F79EFBC}") = "ConferenceRooms.Core", "src\ConferenceRooms.Core\ConferenceRooms.Core.csproj", "{6688A98C-8FB4-42CE-A530-A1DF158E1663}"
EndProject
Project("{FAE04EC0-301F-11D3-BF4B-00C04F79EFBC}") = "ConferenceRooms.Infrastructure", "src\ConferenceRooms.Infrastructure\ConferenceRooms.Infrastructure.csproj", "{C2E00F89-6FCB-46AA-905E-FA0E4A511A46}"
EndProject
Project("{2150E333-8FDC-42A3-9474-1A3956D46DE8}") = "tests", "tests", "{0AB3BF05-4346-4AA6-1389-037BE0695223}"
EndProject
Project("{FAE04EC0-301F-11D3-BF4B-00C04F79EFBC}") = "ConferenceRooms.UnitTests", "tests\ConferenceRooms.UnitTests\ConferenceRooms.UnitTests.csproj", "{2014613F-11CF-442F-9BCF-FB7A33E3868F}"
EndProject
Project("{FAE04EC0-301F-11D3-BF4B-00C04F79EFBC}") = "ConferenceRooms.ApiTests", "tests\ConferenceRooms.ApiTests\ConferenceRooms.ApiTests.csproj", "{D67BF52D-F85D-4E1E-A537-1832FC9A6F51}"
EndProject
Global
	GlobalSection(SolutionConfigurationPlatforms) = preSolution
		Debug|Any CPU = Debug|Any CPU
		Debug|x64 = Debug|x64
		Debug|x86 = Debug|x86
		Release|Any CPU = Release|Any CPU
		Release|x64 = Release|x64
		Release|x86 = Release|x86
	EndGlobalSection
	GlobalSection(ProjectConfigurationPlatforms) = postSolution
		{AE706B17-2920-479A-A334-1A984373AAE8}.Debug|Any CPU.ActiveCfg = Debug|Any CPU
		{AE706B17-2920-479A-A334-1A984373AAE8}.Debug|Any CPU.Build.0 = Debug|Any CPU
		{AE706B17-2920-479A-A334-1A984373AAE8}.Debug|x64.ActiveCfg = Debug|Any CPU
		{AE706B17-2920-479A-A334-1A984373AAE8}.Debug|x64.Build.0 = Debug|Any CPU
		{AE706B17-2920-479A-A334-1A984373AAE8}.Debug|x86.ActiveCfg = Debug|Any CPU
		{AE706B17-2920-479A-A334-1A984373AAE8}.Debug|x86.Build.0 = Debug|Any CPU
		{AE706B17-2920-479A-A334-1A984373AAE8}.Release|Any CPU.ActiveCfg = Release|Any CPU
		{AE706B17-2920-479A-A334-1A984373AAE8}.Release|Any CPU.Build.0 = Release|Any CPU
		{AE706B17-2920-479A-A334-1A984373AAE8}.Release|x64.ActiveCfg = Release|Any CPU
		{AE706B17-2920-479A-A334-1A984373AAE8}.Release|x64.Build.0 = Release|Any CPU
		{AE706B17-2920-479A-A334-1A984373AAE8}.Release|x86.ActiveCfg = Release|Any CPU
		{AE706B17-2920-479A-A334-1A984373AAE8}.Release|x86.Build.0 = Release|Any CPU
		{6688A98C-8FB4-42CE-A530-A1DF158E1663}.Debug|Any CPU.ActiveCfg = Debug|Any CPU
		{6688A98C-8FB4-42CE-A530-A1DF158E1663}.Debug|Any CPU.Build.0 = Debug|Any CPU
		{6688A98C-8FB4-42CE-A530-A1DF158E1663}.Debug|x64.ActiveCfg = Debug|Any CPU
		{6688A98C-8FB4-42CE-A530-A1DF158E1663}.Debug|x64.Build.0 = Debug|Any CPU
		{6688A98C-8FB4-42CE-A530-A1DF158E1663}.Debug|x86.ActiveCfg = Debug|Any CPU
		{6688A98C-8FB4-42CE-A530-A1DF158E1663}.Debug|x86.Build.0 = Debug|Any CPU
		{6688A98C-8FB4-42CE-A530-A1DF158E1663}.Release|Any CPU.ActiveCfg = Release|Any CPU
		{6688A98C-8FB4-42CE-A530-A1DF158E1663}.Release|Any CPU.Build.0 = Release|Any CPU
		{6688A98C-8FB4-42CE-A530-A1DF158E1663}.Release|x64.ActiveCfg = Release|Any CPU
		{6688A98C-8FB4-42CE-A530-A1DF158E1663}.Release|x64.Build.0 = Release|Any CPU
		{6688A98C-8FB4-42CE-A530-A1DF158E1663}.Release|x86.ActiveCfg = Release|Any CPU
		{6688A98C-8FB4-42CE-A530-A1DF158E1663}.Release|x86.Build.0 = Release|Any CPU
		{C2E00F89-6FCB-46AA-905E-FA0E4A511A46}.Debug|Any CPU.ActiveCfg = Debug|Any CPU
		{C2E00F89-6FCB-46AA-905E-FA0E4A511A46}.Debug|Any CPU.Build.0 = Debug|Any CPU
		{C2E00F89-6FCB-46AA-905E-FA0E4A511A46}.Debug|x64.ActiveCfg = Debug|Any CPU
		{C2E00F89-6FCB-46AA-905E-FA0E4A511A46}.Debug|x64.Build.0 = Debug|Any CPU
		{C2E00F89-6FCB-46AA-905E-FA0E4A511A46}.Debug|x86.ActiveCfg = Debug|Any CPU
		{C2E00F89-6FCB-46AA-905E-FA0E4A511A46}.Debug|x86.Build.0 = Debug|Any CPU
		{C2E00F89-6FCB-46AA-905E-FA0E4A511A46}.Release|Any CPU.ActiveCfg = Release|Any CPU
		{C2E00F89-6FCB-46AA-905E-FA0E4A511A46}.Release|Any CPU.Build.0 = Release|Any CPU
		{C2E00F89-6FCB-46AA-905E-FA0E4A511A46}.Release|x64.ActiveCfg = Release|Any CPU
		{C2E00F89-6FCB-46AA-905E-FA0E4A511A46}.Release|x64.Build.0 = Release|Any CPU
		{C2E00F89-6FCB-46AA-905E-FA0E4A511A46}.Release|x86.ActiveCfg = Release|Any CPU
		{C2E00F89-6FCB-46AA-905E-FA0E4A511A46}.Release|x86.Build.0 = Release|Any CPU
		{2014613F-11CF-442F-9BCF-FB7A33E3868F}.Debug|Any CPU.ActiveCfg = Debug|Any CPU
		{2014613F-11CF-442F-9BCF-FB7A33E3868F}.Debug|Any CPU.Build.0 = Debug|Any CPU
		{2014613F-11CF-442F-9BCF-FB7A33E3868F}.Debug|x64.ActiveCfg = Debug|Any CPU
		{2014613F-11CF-442F-9BCF-FB7A33E3868F}.Debug|x64.Build.0 = Debug|Any CPU
		{2014613F-11CF-442F-9BCF-FB7A33E3868F}.Debug|x86.ActiveCfg = Debug|Any CPU
		{2014613F-11CF-442F-9BCF-FB7A33E3868F}.Debug|x86.Build.0 = Debug|Any CPU
		{2014613F-11CF-442F-9BCF-FB7A33E3868F}.Release|Any CPU.ActiveCfg = Release|Any CPU
		{2014613F-11CF-442F-9BCF-FB7A33E3868F}.Release|Any CPU.Build.0 = Release|Any CPU
		{2014613F-11CF-442F-9BCF-FB7A33E3868F}.Release|x64.ActiveCfg = Release|Any CPU
		{2014613F-11CF-442F-9BCF-FB7A33E3868F}.Release|x64.Build.0 = Release|Any CPU
		{2014613F-11CF-442F-9BCF-FB7A33E3868F}.Release|x86.ActiveCfg = Release|Any CPU
		{2014613F-11CF-442F-9BCF-FB7A33E3868F}.Release|x86.Build.0 = Release|Any CPU
		{D67BF52D-F85D-4E1E-A537-1832FC9A6F51}.Debug|Any CPU.ActiveCfg = Debug|Any CPU
		{D67BF52D-F85D-4E1E-A537-1832FC9A6F51}.Debug|Any CPU.Build.0 = Debug|Any CPU
		{D67BF52D-F85D-4E1E-A537-1832FC9A6F51}.Debug|x64.ActiveCfg = Debug|Any CPU
		{D67BF52D-F85D-4E1E-A537-1832FC9A6F51}.Debug|x64.Build.0 = Debug|Any CPU
		{D67BF52D-F85D-4E1E-A537-1832FC9A6F51}.Debug|x86.ActiveCfg = Debug|Any CPU
		{D67BF52D-F85D-4E1E-A537-1832FC9A6F51}.Debug|x86.Build.0 = Debug|Any CPU
		{D67BF52D-F85D-4E1E-A537-1832FC9A6F51}.Release|Any CPU.ActiveCfg = Release|Any CPU
		{D67BF52D-F85D-4E1E-A537-1832FC9A6F51}.Release|Any CPU.Build.0 = Release|Any CPU
		{D67BF52D-F85D-4E1E-A537-1832FC9A6F51}.Release|x64.ActiveCfg = Release|Any CPU
		{D67BF52D-F85D-4E1E-A537-1832FC9A6F51}.Release|x64.Build.0 = Release|Any CPU
		{D67BF52D-F85D-4E1E-A537-1832FC9A6F51}.Release|x86.ActiveCfg = Release|Any CPU
		{D67BF52D-F85D-4E1E-A537-1832FC9A6F51}.Release|x86.Build.0 = Release|Any CPU
	EndGlobalSection
	GlobalSection(SolutionProperties) = preSolution
		HideSolutionNode = FALSE
	EndGlobalSection
	GlobalSection(NestedProjects) = preSolution
		{AE706B17-2920-479A-A334-1A984373AAE8} = {827E0CD3-B72D-47B6-A68D-7590B98EB39B}
		{6688A98C-8FB4-42CE-A530-A1DF158E1663} = {827E0CD3-B72D-47B6-A68D-7590B98EB39B}
		{C2E00F89-6FCB-46AA-905E-FA0E4A511A46} = {827E0CD3-B72D-47B6-A68D-7590B98EB39B}
		{2014613F-11CF-442F-9BCF-FB7A33E3868F} = {0AB3BF05-4346-4AA6-1389-037BE0695223}
		{D67BF52D-F85D-4E1E-A537-1832FC9A6F51} = {0AB3BF05-4346-4AA6-1389-037BE0695223}
	EndGlobalSection
EndGlobal
